
Microsoft Visual Studio Solution File, Format Version 12.00
# Visual Studio Version 16
VisualStudioVersion = 16.0.32228.343
MinimumVisualStudioVersion = 10.0.40219.1
Project("{FAE04EC0-301F-11D3-BF4B-00C04F79EFBC}") = "1_Find_All_Occurrences_Pattern_in_String", "1_Find_All_Occurrences_Pattern_in_String\1_Find_All_Occurrences_Pattern_in_String.csproj", "{9A0DC0B1-89B6-4FEA-9F8E-BC6671285259}"
EndProject
Global
	GlobalSection(SolutionConfigurationPlatforms) = preSolution
		Debug|Any CPU = Debug|Any CPU
		Release|Any CPU = Release|Any CPU
	EndGlobalSection
	GlobalSection(ProjectConfigurationPlatforms) = postSolution
		{9A0DC0B1-89B6-4FEA-9F8E-BC6671285259}.Debug|Any CPU.ActiveCfg = Debug|Any CPU
		{9A0DC0B1-89B6-4FEA-9F8E-BC6671285259}.Debug|Any CPU.Build.0 = Debug|Any CPU
		{9A0DC0B1-89B6-4FEA-9F8E-BC6671285259}.Release|Any CPU.ActiveCfg = Release|Any CPU
		{9A0DC0B1-89B6-4FEA-9F8E-BC6671285259}.Release|Any CPU.Build.0 = Release|Any CPU
	EndGlobalSection
	GlobalSection(SolutionProperties) = preSolution
		HideSolutionNode = FALSE
	EndGlobalSection
	GlobalSection(ExtensibilityGlobals) = postSolution
		SolutionGuid = {321A2378-2E89-4907-BAB8-81870DB3D243}
	EndGlobalSection
EndGlobal
