
Microsoft Visual Studio Solution File, Format Version 12.00
# Visual Studio Version 16
VisualStudioVersion = 16.0.32228.343
MinimumVisualStudioVersion = 10.0.40219.1
Project("{FAE04EC0-301F-11D3-BF4B-00C04F79EFBC}") = "4_Construct_the_Suffix_Array_of_String", "4_Construct_the_Suffix_Array_of_String\4_Construct_the_Suffix_Array_of_String.csproj", "{75BCBDB2-E7D8-4E59-AAA2-1759627CDFF3}"
EndProject
Global
	GlobalSection(SolutionConfigurationPlatforms) = preSolution
		Debug|Any CPU = Debug|Any CPU
		Release|Any CPU = Release|Any CPU
	EndGlobalSection
	GlobalSection(ProjectConfigurationPlatforms) = postSolution
		{75BCBDB2-E7D8-4E59-AAA2-1759627CDFF3}.Debug|Any CPU.ActiveCfg = Debug|Any CPU
		{75BCBDB2-E7D8-4E59-AAA2-1759627CDFF3}.Debug|Any CPU.Build.0 = Debug|Any CPU
		{75BCBDB2-E7D8-4E59-AAA2-1759627CDFF3}.Release|Any CPU.ActiveCfg = Release|Any CPU
		{75BCBDB2-E7D8-4E59-AAA2-1759627CDFF3}.Release|Any CPU.Build.0 = Release|Any CPU
	EndGlobalSection
	GlobalSection(SolutionProperties) = preSolution
		HideSolutionNode = FALSE
	EndGlobalSection
	GlobalSection(ExtensibilityGlobals) = postSolution
		SolutionGuid = {199F1954-817A-4DF8-9A56-10D76ED2022B}
	EndGlobalSection
EndGlobal
