
Microsoft Visual Studio Solution File, Format Version 12.00
# Visual Studio Version 16
VisualStudioVersion = 16.0.32228.343
MinimumVisualStudioVersion = 10.0.40219.1
Project("{FAE04EC0-301F-11D3-BF4B-00C04F79EFBC}") = "2_Construct_SuffixArray_LongString", "2_Construct_SuffixArray_LongString\2_Construct_SuffixArray_LongString.csproj", "{4282AC47-A8FF-4399-9906-BE9ACB5C27BE}"
EndProject
Global
	GlobalSection(SolutionConfigurationPlatforms) = preSolution
		Debug|Any CPU = Debug|Any CPU
		Release|Any CPU = Release|Any CPU
	EndGlobalSection
	GlobalSection(ProjectConfigurationPlatforms) = postSolution
		{4282AC47-A8FF-4399-9906-BE9ACB5C27BE}.Debug|Any CPU.ActiveCfg = Debug|Any CPU
		{4282AC47-A8FF-4399-9906-BE9ACB5C27BE}.Debug|Any CPU.Build.0 = Debug|Any CPU
		{4282AC47-A8FF-4399-9906-BE9ACB5C27BE}.Release|Any CPU.ActiveCfg = Release|Any CPU
		{4282AC47-A8FF-4399-9906-BE9ACB5C27BE}.Release|Any CPU.Build.0 = Release|Any CPU
	EndGlobalSection
	GlobalSection(SolutionProperties) = preSolution
		HideSolutionNode = FALSE
	EndGlobalSection
	GlobalSection(ExtensibilityGlobals) = postSolution
		SolutionGuid = {7DEEB5D0-9E68-4873-BCFA-5E35EAD5D3BE}
	EndGlobalSection
EndGlobal
