
Microsoft Visual Studio Solution File, Format Version 12.00
# Visual Studio Version 16
VisualStudioVersion = 16.0.32228.343
MinimumVisualStudioVersion = 10.0.40219.1
Project("{FAE04EC0-301F-11D3-BF4B-00C04F79EFBC}") = "Construct_Trie_from_Collection_of_Patterns", "Construct_Trie_from_Collection_of_Patterns\Construct_Trie_from_Collection_of_Patterns.csproj", "{4A293A07-7FE1-4A90-90AB-187EDB4D476D}"
EndProject
Global
	GlobalSection(SolutionConfigurationPlatforms) = preSolution
		Debug|Any CPU = Debug|Any CPU
		Release|Any CPU = Release|Any CPU
	EndGlobalSection
	GlobalSection(ProjectConfigurationPlatforms) = postSolution
		{4A293A07-7FE1-4A90-90AB-187EDB4D476D}.Debug|Any CPU.ActiveCfg = Debug|Any CPU
		{4A293A07-7FE1-4A90-90AB-187EDB4D476D}.Debug|Any CPU.Build.0 = Debug|Any CPU
		{4A293A07-7FE1-4A90-90AB-187EDB4D476D}.Release|Any CPU.ActiveCfg = Release|Any CPU
		{4A293A07-7FE1-4A90-90AB-187EDB4D476D}.Release|Any CPU.Build.0 = Release|Any CPU
	EndGlobalSection
	GlobalSection(SolutionProperties) = preSolution
		HideSolutionNode = FALSE
	EndGlobalSection
	GlobalSection(ExtensibilityGlobals) = postSolution
		SolutionGuid = {364474D9-69ED-441E-B6DD-1D7A1CE68A36}
	EndGlobalSection
EndGlobal
