
Microsoft Visual Studio Solution File, Format Version 12.00
# Visual Studio Version 16
VisualStudioVersion = 16.0.30114.105
MinimumVisualStudioVersion = 10.0.40219.1
Project("{FAE04EC0-301F-11D3-BF4B-00C04F79EFBC}") = "1_cs_curriculum", "1_cs_curriculum\1_cs_curriculum.csproj", "{9E1F6780-D654-4A89-85A4-DFC0F843EB9B}"
EndProject
Global
	GlobalSection(SolutionConfigurationPlatforms) = preSolution
		Debug|Any CPU = Debug|Any CPU
		Release|Any CPU = Release|Any CPU
	EndGlobalSection
	GlobalSection(ProjectConfigurationPlatforms) = postSolution
		{9E1F6780-D654-4A89-85A4-DFC0F843EB9B}.Debug|Any CPU.ActiveCfg = Debug|Any CPU
		{9E1F6780-D654-4A89-85A4-DFC0F843EB9B}.Debug|Any CPU.Build.0 = Debug|Any CPU
		{9E1F6780-D654-4A89-85A4-DFC0F843EB9B}.Release|Any CPU.ActiveCfg = Release|Any CPU
		{9E1F6780-D654-4A89-85A4-DFC0F843EB9B}.Release|Any CPU.Build.0 = Release|Any CPU
	EndGlobalSection
	GlobalSection(SolutionProperties) = preSolution
		HideSolutionNode = FALSE
	EndGlobalSection
	GlobalSection(ExtensibilityGlobals) = postSolution
		SolutionGuid = {2A40CD42-30FF-4DF8-A712-F44452D6998C}
	EndGlobalSection
EndGlobal
