
Microsoft Visual Studio Solution File, Format Version 12.00
# Visual Studio Version 16
VisualStudioVersion = 16.0.30114.105
MinimumVisualStudioVersion = 10.0.40219.1
Project("{FAE04EC0-301F-11D3-BF4B-00C04F79EFBC}") = "2_order_of_courses", "2_order_of_courses\2_order_of_courses.csproj", "{196C6B4C-88E0-47AB-B0A7-4C739A21F218}"
EndProject
Global
	GlobalSection(SolutionConfigurationPlatforms) = preSolution
		Debug|Any CPU = Debug|Any CPU
		Release|Any CPU = Release|Any CPU
	EndGlobalSection
	GlobalSection(ProjectConfigurationPlatforms) = postSolution
		{196C6B4C-88E0-47AB-B0A7-4C739A21F218}.Debug|Any CPU.ActiveCfg = Debug|Any CPU
		{196C6B4C-88E0-47AB-B0A7-4C739A21F218}.Debug|Any CPU.Build.0 = Debug|Any CPU
		{196C6B4C-88E0-47AB-B0A7-4C739A21F218}.Release|Any CPU.ActiveCfg = Release|Any CPU
		{196C6B4C-88E0-47AB-B0A7-4C739A21F218}.Release|Any CPU.Build.0 = Release|Any CPU
	EndGlobalSection
	GlobalSection(SolutionProperties) = preSolution
		HideSolutionNode = FALSE
	EndGlobalSection
	GlobalSection(ExtensibilityGlobals) = postSolution
		SolutionGuid = {FCE22F48-6CBA-4CD4-BD7C-44A0C8BEE6DC}
	EndGlobalSection
EndGlobal
